PODS:
  - AFNetworking (3.1.0):
    - AFNetworking/NSURLSession (= 3.1.0)
    - AFNetworking/Reachability (= 3.1.0)
    - AFNetworking/Security (= 3.1.0)
    - AFNetworking/Serialization (= 3.1.0)
    - AFNetworking/UIKit (= 3.1.0)
  - AFNetworking/NSURLSession (3.1.0):
    - AFNetworking/Reachability
    - AFNetworking/Security
    - AFNetworking/Serialization
  - AFNetworking/Reachability (3.1.0)
  - AFNetworking/Security (3.1.0)
  - AFNetworking/Serialization (3.1.0)
  - AFNetworking/UIKit (3.1.0):
    - AFNetworking/NSURLSession
  - Aspects (1.4.1)
  - AXNavigationBackItemInjection (0.0.1)
  - AXWebViewController (0.3.4):
    - Aspects
    - AXNavigationBackItemInjection
    - NJKWebViewProgress
  - Google-Mobile-Ads-SDK (7.14.0)
  - MJRefresh (3.1.10)
  - NJKWebViewProgress (0.2.3):
    - NJKWebViewProgress/Core (= 0.2.3)
    - NJKWebViewProgress/ProgressView (= 0.2.3)
  - NJKWebViewProgress/Core (0.2.3)
  - NJKWebViewProgress/ProgressView (0.2.3)
  - SDWebImage (3.8.1):
    - SDWebImage/Core (= 3.8.1)
  - SDWebImage/Core (3.8.1)
  - SnapKit (3.0.2)
  - YYModel (1.0.4)

DEPENDENCIES:
  - AFNetworking
  - AXWebViewController
  - Google-Mobile-Ads-SDK
  - MJRefresh
  - SDWebImage
  - SnapKit (~> 3.0.2)
  - YYModel

SPEC CHECKSUMS:
  AFNetworking: 5e0e199f73d8626b11e79750991f5d173d1f8b67
  Aspects: 7595ba96a6727a58ebcbfc954497fc5d2fdde546
  AXNavigationBackItemInjection: 0ab0742fafd9ec37e44b8767c96cbbc77ec13575
  AXWebViewController: d6d9920c2a0cf4456f3641b2a78da11a8ad80c06
  Google-Mobile-Ads-SDK: dbb0211c52ca02f72331b831ce4ccd218cf08748
  MJRefresh: bb72948c985914b0b5cecac573a2c69a8915fb02
  NJKWebViewProgress: f481fd424cb5ecc27eacae11b5397db92fba9a4d
  SDWebImage: 35f9627a3e44b4f292a8a8ce6a531fa488239b91
  SnapKit: 2e456761aa92d4d4067a7a5594c18769d451a8ad
  YYModel: 2a7fdd96aaa4b86a824e26d0c517de8928c04b30

PODFILE CHECKSUM: a4d28d2a8ec17b6dfa6a0f7766f146cc699551a2

COCOAPODS: 1.1.1
